
Microsoft Visual Studio Solution File, Format Version 12.00
# Visual Studio Version 17
VisualStudioVersion = 17.9.34728.123
MinimumVisualStudioVersion = 10.0.40219.1
Project("{9A19103F-16F7-4668-BE54-9A1E7A4F7556}") = "Logic", "Logic\Logic.csproj", "{F4725ACE-CCB7-45BE-AC49-148F501CF9D1}"
EndProject
Project("{FAE04EC0-301F-11D3-BF4B-00C04F79EFBC}") = "Tests", "Tests\Tests.csproj", "{D082034C-F852-423D-9DE1-D8AC2289979C}"
EndProject
Global
	GlobalSection(SolutionConfigurationPlatforms) = preSolution
		Debug|Any CPU = Debug|Any CPU
		Release|Any CPU = Release|Any CPU
	EndGlobalSection
	GlobalSection(ProjectConfigurationPlatforms) = postSolution
		{F4725ACE-CCB7-45BE-AC49-148F501CF9D1}.Debug|Any CPU.ActiveCfg = Debug|Any CPU
		{F4725ACE-CCB7-45BE-AC49-148F501CF9D1}.Debug|Any CPU.Build.0 = Debug|Any CPU
		{F4725ACE-CCB7-45BE-AC49-148F501CF9D1}.Release|Any CPU.ActiveCfg = Release|Any CPU
		{F4725ACE-CCB7-45BE-AC49-148F501CF9D1}.Release|Any CPU.Build.0 = Release|Any CPU
		{D082034C-F852-423D-9DE1-D8AC2289979C}.Debug|Any CPU.ActiveCfg = Debug|Any CPU
		{D082034C-F852-423D-9DE1-D8AC2289979C}.Debug|Any CPU.Build.0 = Debug|Any CPU
		{D082034C-F852-423D-9DE1-D8AC2289979C}.Release|Any CPU.ActiveCfg = Release|Any CPU
		{D082034C-F852-423D-9DE1-D8AC2289979C}.Release|Any CPU.Build.0 = Release|Any CPU
	EndGlobalSection
	GlobalSection(SolutionProperties) = preSolution
		HideSolutionNode = FALSE
	EndGlobalSection
	GlobalSection(ExtensibilityGlobals) = postSolution
		SolutionGuid = {F93AAF64-A2D5-4EEA-B599-78CE9D3E0B36}
	EndGlobalSection
EndGlobal
